
Microsoft Visual Studio Solution File, Format Version 12.00
# Visual Studio Version 16
VisualStudioVersion = 16.0.29519.87
MinimumVisualStudioVersion = 10.0.40219.1
Project("{FAE04EC0-301F-11D3-BF4B-00C04F79EFBC}") = "SZMK", "SZMK\SZMK.csproj", "{EC0348E8-5AA2-4CB3-AF3C-4DE28EE9752E}"
EndProject
Global
	GlobalSection(SolutionConfigurationPlatforms) = preSolution
		Debug|Any CPU = Debug|Any CPU
		Release|Any CPU = Release|Any CPU
	EndGlobalSection
	GlobalSection(ProjectConfigurationPlatforms) = postSolution
		{EC0348E8-5AA2-4CB3-AF3C-4DE28EE9752E}.Debug|Any CPU.ActiveCfg = Debug|Any CPU
		{EC0348E8-5AA2-4CB3-AF3C-4DE28EE9752E}.Debug|Any CPU.Build.0 = Debug|Any CPU
		{EC0348E8-5AA2-4CB3-AF3C-4DE28EE9752E}.Release|Any CPU.ActiveCfg = Release|Any CPU
		{EC0348E8-5AA2-4CB3-AF3C-4DE28EE9752E}.Release|Any CPU.Build.0 = Release|Any CPU
	EndGlobalSection
	GlobalSection(SolutionProperties) = preSolution
		HideSolutionNode = FALSE
	EndGlobalSection
	GlobalSection(ExtensibilityGlobals) = postSolution
		SolutionGuid = {2A942469-3E28-4F70-8518-E7E51A434318}
	EndGlobalSection
EndGlobal
